
Microsoft Visual Studio Solution File, Format Version 12.00
# Visual Studio Version 17
VisualStudioVersion = 17.6.33927.249
MinimumVisualStudioVersion = 10.0.40219.1
Project("{2150E333-8FDC-42A3-9474-1A3956D46DE8}") = "src", "src", "{F29EE089-9D27-4BDD-BBD5-2F495FEE31DB}"
EndProject
Project("{2150E333-8FDC-42A3-9474-1A3956D46DE8}") = "Backend", "Backend", "{30A93D7A-59A1-4C5F-9BBD-986046220320}"
EndProject
Project("{2150E333-8FDC-42A3-9474-1A3956D46DE8}") = "Frontend", "Frontend", "{2C15ACFA-E190-4F1E-92C8-A0ED65B4CB9B}"
EndProject
Project("{FAE04EC0-301F-11D3-BF4B-00C04F79EFBC}") = "API", "src\Backend\API\API.csproj", "{F8527E6D-6591-4E7C-B46E-00FFFB1BD190}"
EndProject
Project("{FAE04EC0-301F-11D3-BF4B-00C04F79EFBC}") = "Services", "src\Backend\Services\Services.csproj", "{EDBE4A05-A750-42F2-B00A-A7F7770D9237}"
EndProject
Project("{FAE04EC0-301F-11D3-BF4B-00C04F79EFBC}") = "Data", "src\Backend\Data\Data.csproj", "{1E4E232F-EE21-415B-8E0E-C246D1314566}"
EndProject
Project("{FAE04EC0-301F-11D3-BF4B-00C04F79EFBC}") = "Core", "src\Backend\Core\Core.csproj", "{FD16AE1E-4237-4C94-BC2D-F30B70369832}"
EndProject
Project("{FAE04EC0-301F-11D3-BF4B-00C04F79EFBC}") = "Infrastructure", "src\Backend\Infrastructure\Infrastructure.csproj", "{00F8AC53-BACC-411B-9BD3-1E678C00F602}"
EndProject
Project("{FAE04EC0-301F-11D3-BF4B-00C04F79EFBC}") = "UI", "src\Frontend\UI\UI.csproj", "{6CF78A29-60A7-4C36-A444-E3C06B8C03EB}"
EndProject
Global
	GlobalSection(SolutionConfigurationPlatforms) = preSolution
		Debug|Any CPU = Debug|Any CPU
		Release|Any CPU = Release|Any CPU
	EndGlobalSection
	GlobalSection(ProjectConfigurationPlatforms) = postSolution
		{F8527E6D-6591-4E7C-B46E-00FFFB1BD190}.Debug|Any CPU.ActiveCfg = Debug|Any CPU
		{F8527E6D-6591-4E7C-B46E-00FFFB1BD190}.Debug|Any CPU.Build.0 = Debug|Any CPU
		{F8527E6D-6591-4E7C-B46E-00FFFB1BD190}.Release|Any CPU.ActiveCfg = Release|Any CPU
		{F8527E6D-6591-4E7C-B46E-00FFFB1BD190}.Release|Any CPU.Build.0 = Release|Any CPU
		{EDBE4A05-A750-42F2-B00A-A7F7770D9237}.Debug|Any CPU.ActiveCfg = Debug|Any CPU
		{EDBE4A05-A750-42F2-B00A-A7F7770D9237}.Debug|Any CPU.Build.0 = Debug|Any CPU
		{EDBE4A05-A750-42F2-B00A-A7F7770D9237}.Release|Any CPU.ActiveCfg = Release|Any CPU
		{EDBE4A05-A750-42F2-B00A-A7F7770D9237}.Release|Any CPU.Build.0 = Release|Any CPU
		{1E4E232F-EE21-415B-8E0E-C246D1314566}.Debug|Any CPU.ActiveCfg = Debug|Any CPU
		{1E4E232F-EE21-415B-8E0E-C246D1314566}.Debug|Any CPU.Build.0 = Debug|Any CPU
		{1E4E232F-EE21-415B-8E0E-C246D1314566}.Release|Any CPU.ActiveCfg = Release|Any CPU
		{1E4E232F-EE21-415B-8E0E-C246D1314566}.Release|Any CPU.Build.0 = Release|Any CPU
		{FD16AE1E-4237-4C94-BC2D-F30B70369832}.Debug|Any CPU.ActiveCfg = Debug|Any CPU
		{FD16AE1E-4237-4C94-BC2D-F30B70369832}.Debug|Any CPU.Build.0 = Debug|Any CPU
		{FD16AE1E-4237-4C94-BC2D-F30B70369832}.Release|Any CPU.ActiveCfg = Release|Any CPU
		{FD16AE1E-4237-4C94-BC2D-F30B70369832}.Release|Any CPU.Build.0 = Release|Any CPU
		{00F8AC53-BACC-411B-9BD3-1E678C00F602}.Debug|Any CPU.ActiveCfg = Debug|Any CPU
		{00F8AC53-BACC-411B-9BD3-1E678C00F602}.Debug|Any CPU.Build.0 = Debug|Any CPU
		{00F8AC53-BACC-411B-9BD3-1E678C00F602}.Release|Any CPU.ActiveCfg = Release|Any CPU
		{00F8AC53-BACC-411B-9BD3-1E678C00F602}.Release|Any CPU.Build.0 = Release|Any CPU
		{6CF78A29-60A7-4C36-A444-E3C06B8C03EB}.Debug|Any CPU.ActiveCfg = Debug|Any CPU
		{6CF78A29-60A7-4C36-A444-E3C06B8C03EB}.Debug|Any CPU.Build.0 = Debug|Any CPU
		{6CF78A29-60A7-4C36-A444-E3C06B8C03EB}.Release|Any CPU.ActiveCfg = Release|Any CPU
		{6CF78A29-60A7-4C36-A444-E3C06B8C03EB}.Release|Any CPU.Build.0 = Release|Any CPU
	EndGlobalSection
	GlobalSection(SolutionProperties) = preSolution
		HideSolutionNode = FALSE
	EndGlobalSection
	GlobalSection(NestedProjects) = preSolution
		{30A93D7A-59A1-4C5F-9BBD-986046220320} = {F29EE089-9D27-4BDD-BBD5-2F495FEE31DB}
		{2C15ACFA-E190-4F1E-92C8-A0ED65B4CB9B} = {F29EE089-9D27-4BDD-BBD5-2F495FEE31DB}
		{F8527E6D-6591-4E7C-B46E-00FFFB1BD190} = {30A93D7A-59A1-4C5F-9BBD-986046220320}
		{EDBE4A05-A750-42F2-B00A-A7F7770D9237} = {30A93D7A-59A1-4C5F-9BBD-986046220320}
		{1E4E232F-EE21-415B-8E0E-C246D1314566} = {30A93D7A-59A1-4C5F-9BBD-986046220320}
		{FD16AE1E-4237-4C94-BC2D-F30B70369832} = {30A93D7A-59A1-4C5F-9BBD-986046220320}
		{00F8AC53-BACC-411B-9BD3-1E678C00F602} = {30A93D7A-59A1-4C5F-9BBD-986046220320}
		{6CF78A29-60A7-4C36-A444-E3C06B8C03EB} = {2C15ACFA-E190-4F1E-92C8-A0ED65B4CB9B}
	EndGlobalSection
	GlobalSection(ExtensibilityGlobals) = postSolution
		SolutionGuid = {C5459168-5090-4EA7-8049-F54FE6B083AB}
	EndGlobalSection
EndGlobal
